github.com/gorilla/mux v1.8.1 h1:TuBL49tXwgrFYWhqrNgrUNEY92u81SPhu7sTdzQEiWY=
github.com/gorilla/mux v1.8.1/go.mod h1:AKf9I4AEqPTmMytcMc0KkNouC66V3BtZ4qD5fmWSiMQ=
github.com/po133na/golang v0.0.0-20240202162935-b7463f8ba807 h1:C8fNeRqM5JgiQ2zHdqCwT9ohhDftpPBN0VkUXm9r+x4=
github.com/po133na/golang v0.0.0-20240202162935-b7463f8ba807/go.mod h1:4ovZjkrFIGj8n9OO0ILN9B2YeoxGygo5ZM5FJ4bCLeQ=
